// !$*UTF8*$!
{
	archiveVersion = 1;
	classes = {
	};
	objectVersion = 56;
	objects = {

/* Begin PBXBuildFile section */
		D6470E8B2B11EA5D004D4832 /* CPSetupModeView.swift in Sources */ = {isa = PBXBuildFile; fileRef = D6470E8A2B11EA5D004D4832 /* CPSetupModeView.swift */; };
		D6470E8D2B11EAC7004D4832 /* CheckInModeView.swift in Sources */ = {isa = PBXBuildFile; fileRef = D6470E8C2B11EAC7004D4832 /* CheckInModeView.swift */; };
		D6470E8F2B11ED8D004D4832 /* LocationManager.swift in Sources */ = {isa = PBXBuildFile; fileRef = D6470E8E2B11ED8D004D4832 /* LocationManager.swift */; };
		D6470E932B189565004D4832 /* CheckInLog.swift in Sources */ = {isa = PBXBuildFile; fileRef = D6470E922B189565004D4832 /* CheckInLog.swift */; };
		D6470E952B189591004D4832 /* CPSetupLog.swift in Sources */ = {isa = PBXBuildFile; fileRef = D6470E942B189591004D4832 /* CPSetupLog.swift */; };
		D6470E992B1898A6004D4832 /* Realm in Frameworks */ = {isa = PBXBuildFile; productRef = D6470E982B1898A6004D4832 /* Realm */; };
		D6470E9B2B1898A6004D4832 /* RealmSwift in Frameworks */ = {isa = PBXBuildFile; productRef = D6470E9A2B1898A6004D4832 /* RealmSwift */; };
		D6470E9E2B189B69004D4832 /* CPLocation.swift in Sources */ = {isa = PBXBuildFile; fileRef = D6470E9D2B189B69004D4832 /* CPLocation.swift */; };
		D6470EA02B1A1D90004D4832 /* M5TestModeView.swift in Sources */ = {isa = PBXBuildFile; fileRef = D6470E9F2B1A1D90004D4832 /* M5TestModeView.swift */; };
		D6470EA22B1A289B004D4832 /* BlueRoundButtonStyle.swift in Sources */ = {isa = PBXBuildFile; fileRef = D6470EA12B1A289B004D4832 /* BlueRoundButtonStyle.swift */; };
		D67EFCED2B0A0CED00157F84 /* MCPS_iOSApp.swift in Sources */ = {isa = PBXBuildFile; fileRef = D67EFCEC2B0A0CED00157F84 /* MCPS_iOSApp.swift */; };
		D67EFCEF2B0A0CED00157F84 /* ContentView.swift in Sources */ = {isa = PBXBuildFile; fileRef = D67EFCEE2B0A0CED00157F84 /* ContentView.swift */; };
		D67EFCF12B0A0CEE00157F84 /* Assets.xcassets in Resources */ = {isa = PBXBuildFile; fileRef = D67EFCF02B0A0CEE00157F84 /* Assets.xcassets */; };
		D67EFCF42B0A0CEE00157F84 /* Preview Assets.xcassets in Resources */ = {isa = PBXBuildFile; fileRef = D67EFCF32B0A0CEE00157F84 /* Preview Assets.xcassets */; };
		D67EFCFB2B0A0D0900157F84 /* M5ViewController.swift in Sources */ = {isa = PBXBuildFile; fileRef = D67EFCFA2B0A0D0900157F84 /* M5ViewController.swift */; };
		D67EFCFD2B0A0D3B00157F84 /* debug.swift in Sources */ = {isa = PBXBuildFile; fileRef = D67EFCFC2B0A0D3B00157F84 /* debug.swift */; };
/* End PBXBuildFile section */

/* Begin PBXFileReference section */
		D6470E8A2B11EA5D004D4832 /* CPSetupModeView.swift */ = {isa = PBXFileReference; lastKnownFileType = sourcecode.swift; path = CPSetupModeView.swift; sourceTree = "<group>"; };
		D6470E8C2B11EAC7004D4832 /* CheckInModeView.swift */ = {isa = PBXFileReference; lastKnownFileType = sourcecode.swift; path = CheckInModeView.swift; sourceTree = "<group>"; };
		D6470E8E2B11ED8D004D4832 /* LocationManager.swift */ = {isa = PBXFileReference; lastKnownFileType = sourcecode.swift; path = LocationManager.swift; sourceTree = "<group>"; };
		D6470E922B189565004D4832 /* CheckInLog.swift */ = {isa = PBXFileReference; lastKnownFileType = sourcecode.swift; path = CheckInLog.swift; sourceTree = "<group>"; };
		D6470E942B189591004D4832 /* CPSetupLog.swift */ = {isa = PBXFileReference; lastKnownFileType = sourcecode.swift; path = CPSetupLog.swift; sourceTree = "<group>"; };
		D6470E9D2B189B69004D4832 /* CPLocation.swift */ = {isa = PBXFileReference; lastKnownFileType = sourcecode.swift; path = CPLocation.swift; sourceTree = "<group>"; };
		D6470E9F2B1A1D90004D4832 /* M5TestModeView.swift */ = {isa = PBXFileReference; lastKnownFileType = sourcecode.swift; path = M5TestModeView.swift; sourceTree = "<group>"; };
		D6470EA12B1A289B004D4832 /* BlueRoundButtonStyle.swift */ = {isa = PBXFileReference; lastKnownFileType = sourcecode.swift; path = BlueRoundButtonStyle.swift; sourceTree = "<group>"; };
		D67EFCE92B0A0CED00157F84 /* MCPS-iOS.app */ = {isa = PBXFileReference; explicitFileType = wrapper.application; includeInIndex = 0; path = "MCPS-iOS.app"; sourceTree = BUILT_PRODUCTS_DIR; };
		D67EFCEC2B0A0CED00157F84 /* MCPS_iOSApp.swift */ = {isa = PBXFileReference; lastKnownFileType = sourcecode.swift; path = MCPS_iOSApp.swift; sourceTree = "<group>"; };
		D67EFCEE2B0A0CED00157F84 /* ContentView.swift */ = {isa = PBXFileReference; lastKnownFileType = sourcecode.swift; path = ContentView.swift; sourceTree = "<group>"; };
		D67EFCF02B0A0CEE00157F84 /* Assets.xcassets */ = {isa = PBXFileReference; lastKnownFileType = folder.assetcatalog; path = Assets.xcassets; sourceTree = "<group>"; };
		D67EFCF32B0A0CEE00157F84 /* Preview Assets.xcassets */ = {isa = PBXFileReference; lastKnownFileType = folder.assetcatalog; path = "Preview Assets.xcassets"; sourceTree = "<group>"; };
		D67EFCFA2B0A0D0900157F84 /* M5ViewController.swift */ = {isa = PBXFileReference; lastKnownFileType = sourcecode.swift; path = M5ViewController.swift; sourceTree = "<group>"; };
		D67EFCFC2B0A0D3B00157F84 /* debug.swift */ = {isa = PBXFileReference; lastKnownFileType = sourcecode.swift; path = debug.swift; sourceTree = "<group>"; };
		D67EFCFE2B0A0F2200157F84 /* README.md */ = {isa = PBXFileReference; lastKnownFileType = net.daringfireball.markdown; path = README.md; sourceTree = "<group>"; };
/* End PBXFileReference section */

/* Begin PBXFrameworksBuildPhase section */
		D67EFCE62B0A0CED00157F84 /* Frameworks */ = {
			isa = PBXFrameworksBuildPhase;
			buildActionMask = 2147483647;
			files = (
				D6470E9B2B1898A6004D4832 /* RealmSwift in Frameworks */,
				D6470E992B1898A6004D4832 /* Realm in Frameworks */,
			);
			runOnlyForDeploymentPostprocessing = 0;
		};
/* End PBXFrameworksBuildPhase section */

/* Begin PBXGroup section */
		D6470E902B189530004D4832 /* Models */ = {
			isa = PBXGroup;
			children = (
				D6470E942B189591004D4832 /* CPSetupLog.swift */,
				D6470E922B189565004D4832 /* CheckInLog.swift */,
				D6470E9D2B189B69004D4832 /* CPLocation.swift */,
			);
			path = Models;
			sourceTree = "<group>";
		};
		D6470E912B189542004D4832 /* Views */ = {
			isa = PBXGroup;
			children = (
				D6470E8A2B11EA5D004D4832 /* CPSetupModeView.swift */,
				D6470E8C2B11EAC7004D4832 /* CheckInModeView.swift */,
				D6470E9F2B1A1D90004D4832 /* M5TestModeView.swift */,
			);
			path = Views;
			sourceTree = "<group>";
		};
		D6470E962B1897C1004D4832 /* Frameworks */ = {
			isa = PBXGroup;
			children = (
			);
			name = Frameworks;
			sourceTree = "<group>";
		};
		D6470E9C2B1899DA004D4832 /* Services */ = {
			isa = PBXGroup;
			children = (
				D67EFCFC2B0A0D3B00157F84 /* debug.swift */,
				D67EFCFA2B0A0D0900157F84 /* M5ViewController.swift */,
				D6470E8E2B11ED8D004D4832 /* LocationManager.swift */,
				D6470EA12B1A289B004D4832 /* BlueRoundButtonStyle.swift */,
			);
			path = Services;
			sourceTree = "<group>";
		};
		D67EFCE02B0A0CED00157F84 = {
			isa = PBXGroup;
			children = (
				D67EFCFE2B0A0F2200157F84 /* README.md */,
				D67EFCEB2B0A0CED00157F84 /* MCPS-iOS */,
				D67EFCEA2B0A0CED00157F84 /* Products */,
				D6470E962B1897C1004D4832 /* Frameworks */,
			);
			sourceTree = "<group>";
		};
		D67EFCEA2B0A0CED00157F84 /* Products */ = {
			isa = PBXGroup;
			children = (
				D67EFCE92B0A0CED00157F84 /* MCPS-iOS.app */,
			);
			name = Products;
			sourceTree = "<group>";
		};
		D67EFCEB2B0A0CED00157F84 /* MCPS-iOS */ = {
			isa = PBXGroup;
			children = (
				D6470E9C2B1899DA004D4832 /* Services */,
				D6470E912B189542004D4832 /* Views */,
				D6470E902B189530004D4832 /* Models */,
				D67EFCEC2B0A0CED00157F84 /* MCPS_iOSApp.swift */,
				D67EFCEE2B0A0CED00157F84 /* ContentView.swift */,
				D67EFCF02B0A0CEE00157F84 /* Assets.xcassets */,
				D67EFCF22B0A0CEE00157F84 /* Preview Content */,
			);
			path = "MCPS-iOS";
			sourceTree = "<group>";
		};
		D67EFCF22B0A0CEE00157F84 /* Preview Content */ = {
			isa = PBXGroup;
			children = (
				D67EFCF32B0A0CEE00157F84 /* Preview Assets.xcassets */,
			);
			path = "Preview Content";
			sourceTree = "<group>";
		};
/* End PBXGroup section */

/* Begin PBXNativeTarget section */
		D67EFCE82B0A0CED00157F84 /* MCPS-iOS */ = {
			isa = PBXNativeTarget;
			buildConfigurationList = D67EFCF72B0A0CEE00157F84 /* Build configuration list for PBXNativeTarget "MCPS-iOS" */;
			buildPhases = (
				D67EFCE52B0A0CED00157F84 /* Sources */,
				D67EFCE62B0A0CED00157F84 /* Frameworks */,
				D67EFCE72B0A0CED00157F84 /* Resources */,
			);
			buildRules = (
			);
			dependencies = (
			);
			name = "MCPS-iOS";
			packageProductDependencies = (
				D6470E982B1898A6004D4832 /* Realm */,
				D6470E9A2B1898A6004D4832 /* RealmSwift */,
			);
			productName = "MCPS-iOS";
			productReference = D67EFCE92B0A0CED00157F84 /* MCPS-iOS.app */;
			productType = "com.apple.product-type.application";
		};
/* End PBXNativeTarget section */

/* Begin PBXProject section */
		D67EFCE12B0A0CED00157F84 /* Project object */ = {
			isa = PBXProject;
			attributes = {
				BuildIndependentTargetsInParallel = 1;
				LastSwiftUpdateCheck = 1500;
				LastUpgradeCheck = 1500;
				TargetAttributes = {
					D67EFCE82B0A0CED00157F84 = {
						CreatedOnToolsVersion = 15.0;
					};
				};
			};
			buildConfigurationList = D67EFCE42B0A0CED00157F84 /* Build configuration list for PBXProject "MCPS-iOS" */;
			compatibilityVersion = "Xcode 14.0";
			developmentRegion = en;
			hasScannedForEncodings = 0;
			knownRegions = (
				en,
				Base,
			);
			mainGroup = D67EFCE02B0A0CED00157F84;
			packageReferences = (
				D6470E972B1898A6004D4832 /* XCRemoteSwiftPackageReference "realm-swift" */,
			);
			productRefGroup = D67EFCEA2B0A0CED00157F84 /* Products */;
			projectDirPath = "";
			projectRoot = "";
			targets = (
				D67EFCE82B0A0CED00157F84 /* MCPS-iOS */,
			);
		};
/* End PBXProject section */

/* Begin PBXResourcesBuildPhase section */
		D67EFCE72B0A0CED00157F84 /* Resources */ = {
			isa = PBXResourcesBuildPhase;
			buildActionMask = 2147483647;
			files = (
				D67EFCF42B0A0CEE00157F84 /* Preview Assets.xcassets in Resources */,
				D67EFCF12B0A0CEE00157F84 /* Assets.xcassets in Resources */,
			);
			runOnlyForDeploymentPostprocessing = 0;
		};
/* End PBXResourcesBuildPhase section */

/* Begin PBXSourcesBuildPhase section */
		D67EFCE52B0A0CED00157F84 /* Sources */ = {
			isa = PBXSourcesBuildPhase;
			buildActionMask = 2147483647;
			files = (
				D67EFCFB2B0A0D0900157F84 /* M5ViewController.swift in Sources */,
				D6470EA22B1A289B004D4832 /* BlueRoundButtonStyle.swift in Sources */,
				D67EFCFD2B0A0D3B00157F84 /* debug.swift in Sources */,
				D6470E9E2B189B69004D4832 /* CPLocation.swift in Sources */,
				D6470E952B189591004D4832 /* CPSetupLog.swift in Sources */,
				D6470E932B189565004D4832 /* CheckInLog.swift in Sources */,
				D6470E8D2B11EAC7004D4832 /* CheckInModeView.swift in Sources */,
				D6470E8F2B11ED8D004D4832 /* LocationManager.swift in Sources */,
				D67EFCEF2B0A0CED00157F84 /* ContentView.swift in Sources */,
				D6470EA02B1A1D90004D4832 /* M5TestModeView.swift in Sources */,
				D67EFCED2B0A0CED00157F84 /* MCPS_iOSApp.swift in Sources */,
				D6470E8B2B11EA5D004D4832 /* CPSetupModeView.swift in Sources */,
			);
			runOnlyForDeploymentPostprocessing = 0;
		};
/* End PBXSourcesBuildPhase section */

/* Begin XCBuildConfiguration section */
		D67EFCF52B0A0CEE00157F84 /* Debug */ = {
			isa = XCBuildConfiguration;
			buildSettings = {
				ALWAYS_SEARCH_USER_PATHS = NO;
				ASSETCATALOG_COMPILER_GENERATE_SWIFT_ASSET_SYMBOL_EXTENSIONS = YES;
				CLANG_ANALYZER_NONNULL = YES;
				CLANG_ANALYZER_NUMBER_OBJECT_CONVERSION = YES_AGGRESSIVE;
				CLANG_CXX_LANGUAGE_STANDARD = "gnu++20";
				CLANG_ENABLE_MODULES = YES;
				CLANG_ENABLE_OBJC_ARC = YES;
				CLANG_ENABLE_OBJC_WEAK = YES;
				CLANG_WARN_BLOCK_CAPTURE_AUTORELEASING = YES;
				CLANG_WARN_BOOL_CONVERSION = YES;
				CLANG_WARN_COMMA = YES;
				CLANG_WARN_CONSTANT_CONVERSION = YES;
				CLANG_WARN_DEPRECATED_OBJC_IMPLEMENTATIONS = YES;
				CLANG_WARN_DIRECT_OBJC_ISA_USAGE = YES_ERROR;
				CLANG_WARN_DOCUMENTATION_COMMENTS = YES;
				CLANG_WARN_EMPTY_BODY = YES;
				CLANG_WARN_ENUM_CONVERSION = YES;
				CLANG_WARN_INFINITE_RECURSION = YES;
				CLANG_WARN_INT_CONVERSION = YES;
				CLANG_WARN_NON_LITERAL_NULL_CONVERSION = YES;
				CLANG_WARN_OBJC_IMPLICIT_RETAIN_SELF = YES;
				CLANG_WARN_OBJC_LITERAL_CONVERSION = YES;
				CLANG_WARN_OBJC_ROOT_CLASS = YES_ERROR;
				CLANG_WARN_QUOTED_INCLUDE_IN_FRAMEWORK_HEADER = YES;
				CLANG_WARN_RANGE_LOOP_ANALYSIS = YES;
				CLANG_WARN_STRICT_PROTOTYPES = YES;
				CLANG_WARN_SUSPICIOUS_MOVE = YES;
				CLANG_WARN_UNGUARDED_AVAILABILITY = YES_AGGRESSIVE;
				CLANG_WARN_UNREACHABLE_CODE = YES;
				CLANG_WARN__DUPLICATE_METHOD_MATCH = YES;
				COPY_PHASE_STRIP = NO;
				DEBUG_INFORMATION_FORMAT = dwarf;
				ENABLE_STRICT_OBJC_MSGSEND = YES;
				ENABLE_TESTABILITY = YES;
				ENABLE_USER_SCRIPT_SANDBOXING = YES;
				GCC_C_LANGUAGE_STANDARD = gnu17;
				GCC_DYNAMIC_NO_PIC = NO;
				GCC_NO_COMMON_BLOCKS = YES;
				GCC_OPTIMIZATION_LEVEL = 0;
				GCC_PREPROCESSOR_DEFINITIONS = (
					"DEBUG=1",
					"$(inherited)",
				);
				GCC_WARN_64_TO_32_BIT_CONVERSION = YES;
				GCC_WARN_ABOUT_RETURN_TYPE = YES_ERROR;
				GCC_WARN_UNDECLARED_SELECTOR = YES;
				GCC_WARN_UNINITIALIZED_AUTOS = YES_AGGRESSIVE;
				GCC_WARN_UNUSED_FUNCTION = YES;
				GCC_WARN_UNUSED_VARIABLE = YES;
				IPHONEOS_DEPLOYMENT_TARGET = 17.0;
				LOCALIZATION_PREFERS_STRING_CATALOGS = YES;
				MTL_ENABLE_DEBUG_INFO = INCLUDE_SOURCE;
				MTL_FAST_MATH = YES;
				ONLY_ACTIVE_ARCH = YES;
				SDKROOT = iphoneos;
				SWIFT_ACTIVE_COMPILATION_CONDITIONS = "DEBUG $(inherited)";
				SWIFT_OPTIMIZATION_LEVEL = "-Onone";
			};
			name = Debug;
		};
		D67EFCF62B0A0CEE00157F84 /* Release */ = {
			isa = XCBuildConfiguration;
			buildSettings = {
				ALWAYS_SEARCH_USER_PATHS = NO;
				ASSETCATALOG_COMPILER_GENERATE_SWIFT_ASSET_SYMBOL_EXTENSIONS = YES;
				CLANG_ANALYZER_NONNULL = YES;
				CLANG_ANALYZER_NUMBER_OBJECT_CONVERSION = YES_AGGRESSIVE;
				CLANG_CXX_LANGUAGE_STANDARD = "gnu++20";
				CLANG_ENABLE_MODULES = YES;
				CLANG_ENABLE_OBJC_ARC = YES;
				CLANG_ENABLE_OBJC_WEAK = YES;
				CLANG_WARN_BLOCK_CAPTURE_AUTORELEASING = YES;
				CLANG_WARN_BOOL_CONVERSION = YES;
				CLANG_WARN_COMMA = YES;
				CLANG_WARN_CONSTANT_CONVERSION = YES;
				CLANG_WARN_DEPRECATED_OBJC_IMPLEMENTATIONS = YES;
				CLANG_WARN_DIRECT_OBJC_ISA_USAGE = YES_ERROR;
				CLANG_WARN_DOCUMENTATION_COMMENTS = YES;
				CLANG_WARN_EMPTY_BODY = YES;
				CLANG_WARN_ENUM_CONVERSION = YES;
				CLANG_WARN_INFINITE_RECURSION = YES;
				CLANG_WARN_INT_CONVERSION = YES;
				CLANG_WARN_NON_LITERAL_NULL_CONVERSION = YES;
				CLANG_WARN_OBJC_IMPLICIT_RETAIN_SELF = YES;
				CLANG_WARN_OBJC_LITERAL_CONVERSION = YES;
				CLANG_WARN_OBJC_ROOT_CLASS = YES_ERROR;
				CLANG_WARN_QUOTED_INCLUDE_IN_FRAMEWORK_HEADER = YES;
				CLANG_WARN_RANGE_LOOP_ANALYSIS = YES;
				CLANG_WARN_STRICT_PROTOTYPES = YES;
				CLANG_WARN_SUSPICIOUS_MOVE = YES;
				CLANG_WARN_UNGUARDED_AVAILABILITY = YES_AGGRESSIVE;
				CLANG_WARN_UNREACHABLE_CODE = YES;
				CLANG_WARN__DUPLICATE_METHOD_MATCH = YES;
				COPY_PHASE_STRIP = NO;
				DEBUG_INFORMATION_FORMAT = "dwarf-with-dsym";
				ENABLE_NS_ASSERTIONS = NO;
				ENABLE_STRICT_OBJC_MSGSEND = YES;
				ENABLE_USER_SCRIPT_SANDBOXING = YES;
				GCC_C_LANGUAGE_STANDARD = gnu17;
				GCC_NO_COMMON_BLOCKS = YES;
				GCC_WARN_64_TO_32_BIT_CONVERSION = YES;
				GCC_WARN_ABOUT_RETURN_TYPE = YES_ERROR;
				GCC_WARN_UNDECLARED_SELECTOR = YES;
				GCC_WARN_UNINITIALIZED_AUTOS = YES_AGGRESSIVE;
				GCC_WARN_UNUSED_FUNCTION = YES;
				GCC_WARN_UNUSED_VARIABLE = YES;
				IPHONEOS_DEPLOYMENT_TARGET = 17.0;
				LOCALIZATION_PREFERS_STRING_CATALOGS = YES;
				MTL_ENABLE_DEBUG_INFO = NO;
				MTL_FAST_MATH = YES;
				SDKROOT = iphoneos;
				SWIFT_COMPILATION_MODE = wholemodule;
				VALIDATE_PRODUCT = YES;
			};
			name = Release;
		};
		D67EFCF82B0A0CEE00157F84 /* Debug */ = {
			isa = XCBuildConfiguration;
			buildSettings = {
				ASSETCATALOG_COMPILER_APPICON_NAME = AppIcon;
				ASSETCATALOG_COMPILER_GLOBAL_ACCENT_COLOR_NAME = AccentColor;
				CODE_SIGN_STYLE = Automatic;
				CURRENT_PROJECT_VERSION = 1;
				DEVELOPMENT_ASSET_PATHS = "\"MCPS-iOS/Preview Content\"";
				DEVELOPMENT_TEAM = H2BRC2349A;
				ENABLE_PREVIEWS = YES;
				GENERATE_INFOPLIST_FILE = YES;
				INFOPLIST_KEY_NSBluetoothAlwaysUsageDescription = "to connect M5";
				INFOPLIST_KEY_NSLocationWhenInUseUsageDescription = "to get location";
				INFOPLIST_KEY_UIApplicationSceneManifest_Generation = YES;
				INFOPLIST_KEY_UIApplicationSupportsIndirectInputEvents = YES;
				INFOPLIST_KEY_UILaunchScreen_Generation = YES;
				INFOPLIST_KEY_UISupportedInterfaceOrientations_iPhone = "UIInterfaceOrientationPortrait UIInterfaceOrientationLandscapeLeft UIInterfaceOrientationLandscapeRight";
				LD_RUNPATH_SEARCH_PATHS = (
					"$(inherited)",
					"@executable_path/Frameworks",
				);
				MARKETING_VERSION = 1.0;
				PRODUCT_BUNDLE_IDENTIFIER = "H2BRC2349A.PicWatch-Live.watchkitapp.MCPS-iOS";
				PRODUCT_NAME = "$(TARGET_NAME)";
				SWIFT_EMIT_LOC_STRINGS = YES;
				SWIFT_VERSION = 5.0;
				TARGETED_DEVICE_FAMILY = "1,2";
			};
			name = Debug;
		};
		D67EFCF92B0A0CEE00157F84 /* Release */ = {
			isa = XCBuildConfiguration;
			buildSettings = {
				ASSETCATALOG_COMPILER_APPICON_NAME = AppIcon;
				ASSETCATALOG_COMPILER_GLOBAL_ACCENT_COLOR_NAME = AccentColor;
				CODE_SIGN_STYLE = Automatic;
				CURRENT_PROJECT_VERSION = 1;
				DEVELOPMENT_ASSET_PATHS = "\"MCPS-iOS/Preview Content\"";
				DEVELOPMENT_TEAM = H2BRC2349A;
				ENABLE_PREVIEWS = YES;
				GENERATE_INFOPLIST_FILE = YES;
				INFOPLIST_KEY_NSBluetoothAlwaysUsageDescription = "to connect M5";
				INFOPLIST_KEY_NSLocationWhenInUseUsageDescription = "to get location";
				INFOPLIST_KEY_UIApplicationSceneManifest_Generation = YES;
				INFOPLIST_KEY_UIApplicationSupportsIndirectInputEvents = YES;
				INFOPLIST_KEY_UILaunchScreen_Generation = YES;
				INFOPLIST_KEY_UISupportedInterfaceOrientations_iPhone = "UIInterfaceOrientationPortrait UIInterfaceOrientationLandscapeLeft UIInterfaceOrientationLandscapeRight";
				LD_RUNPATH_SEARCH_PATHS = (
					"$(inherited)",
					"@executable_path/Frameworks",
				);
				MARKETING_VERSION = 1.0;
				PRODUCT_BUNDLE_IDENTIFIER = "H2BRC2349A.PicWatch-Live.watchkitapp.MCPS-iOS";
				PRODUCT_NAME = "$(TARGET_NAME)";
				SWIFT_EMIT_LOC_STRINGS = YES;
				SWIFT_VERSION = 5.0;
				TARGETED_DEVICE_FAMILY = "1,2";
			};
			name = Release;
		};
/* End XCBuildConfiguration section */

/* Begin XCConfigurationList section */
		D67EFCE42B0A0CED00157F84 /* Build configuration list for PBXProject "MCPS-iOS" */ = {
			isa = XCConfigurationList;
			buildConfigurations = (
				D67EFCF52B0A0CEE00157F84 /* Debug */,
				D67EFCF62B0A0CEE00157F84 /* Release */,
			);
			defaultConfigurationIsVisible = 0;
			defaultConfigurationName = Release;
		};
		D67EFCF72B0A0CEE00157F84 /* Build configuration list for PBXNativeTarget "MCPS-iOS" */ = {
			isa = XCConfigurationList;
			buildConfigurations = (
				D67EFCF82B0A0CEE00157F84 /* Debug */,
				D67EFCF92B0A0CEE00157F84 /* Release */,
			);
			defaultConfigurationIsVisible = 0;
			defaultConfigurationName = Release;
		};
/* End XCConfigurationList section */

/* Begin XCRemoteSwiftPackageReference section */
		D6470E972B1898A6004D4832 /* XCRemoteSwiftPackageReference "realm-swift" */ = {
			isa = XCRemoteSwiftPackageReference;
			repositoryURL = "https://github.com/realm/realm-swift.git";
			requirement = {
				branch = master;
				kind = branch;
			};
		};
/* End XCRemoteSwiftPackageReference section */

/* Begin XCSwiftPackageProductDependency section */
		D6470E982B1898A6004D4832 /* Realm */ = {
			isa = XCSwiftPackageProductDependency;
			package = D6470E972B1898A6004D4832 /* XCRemoteSwiftPackageReference "realm-swift" */;
			productName = Realm;
		};
		D6470E9A2B1898A6004D4832 /* RealmSwift */ = {
			isa = XCSwiftPackageProductDependency;
			package = D6470E972B1898A6004D4832 /* XCRemoteSwiftPackageReference "realm-swift" */;
			productName = RealmSwift;
		};
/* End XCSwiftPackageProductDependency section */
	};
	rootObject = D67EFCE12B0A0CED00157F84 /* Project object */;
}
